
Microsoft Visual Studio Solution File, Format Version 12.00
# Visual Studio 14
VisualStudioVersion = 14.0.25123.0
MinimumVisualStudioVersion = 10.0.40219.1
Project("{FAE04EC0-301F-11D3-BF4B-00C04F79EFBC}") = "msgBoxCreator", "msgBoxCreator\msgBoxCreator.csproj", "{CC682DBA-7F95-48AC-9A0E-B4B0F63820EA}"
EndProject
Global
	GlobalSection(SolutionConfigurationPlatforms) = preSolution
		Debug|Any CPU = Debug|Any CPU
		Release|Any CPU = Release|Any CPU
	EndGlobalSection
	GlobalSection(ProjectConfigurationPlatforms) = postSolution
		{CC682DBA-7F95-48AC-9A0E-B4B0F63820EA}.Debug|Any CPU.ActiveCfg = Debug|Any CPU
		{CC682DBA-7F95-48AC-9A0E-B4B0F63820EA}.Debug|Any CPU.Build.0 = Debug|Any CPU
		{CC682DBA-7F95-48AC-9A0E-B4B0F63820EA}.Release|Any CPU.ActiveCfg = Release|Any CPU
		{CC682DBA-7F95-48AC-9A0E-B4B0F63820EA}.Release|Any CPU.Build.0 = Release|Any CPU
	EndGlobalSection
	GlobalSection(SolutionProperties) = preSolution
		HideSolutionNode = FALSE
	EndGlobalSection
EndGlobal
